
Microsoft Visual Studio Solution File, Format Version 12.00
# Visual Studio 15
VisualStudioVersion = 15.0.26730.16
MinimumVisualStudioVersion = 10.0.40219.1
Project("{059D6162-CD51-11D0-AE1F-00A0C90FFFC3}") = "StatePattern_Game", "StatePattern_Game.vcxproj", "{A16C2440-10E4-4986-B99C-A256D145CF78}"
EndProject
Global
	GlobalSection(SolutionProperties) = preSolution
		HideSolutionNode = FALSE
	EndGlobalSection
	GlobalSection(ExtensibilityGlobals) = postSolution
		SolutionGuid = {FDF8E66B-8953-4CC5-BC89-674FD003E22A}
	EndGlobalSection
EndGlobal
